// !$*UTF8*$!
{
	archiveVersion = 1;
	classes = {
	};
	objectVersion = 51;
	objects = {

/* Begin PBXBuildFile section */
		7848E5B3F91C7A4AC6DE63F7 /* Pods_json_into_vxieng.framework in Frameworks */ = {isa = PBXBuildFile; fileRef = FF56660F147E60CF85A1662C /* Pods_json_into_vxieng.framework */; };
		8402548922EA58EF00F71B0C /* json_box.swift in Sources */ = {isa = PBXBuildFile; fileRef = 8402548822EA58EF00F71B0C /* json_box.swift */; };
		844B74D422EA083E00D755C3 /* AppDelegate.swift in Sources */ = {isa = PBXBuildFile; fileRef = 844B74D322EA083E00D755C3 /* AppDelegate.swift */; };
		844B74D622EA083E00D755C3 /* ViewController.swift in Sources */ = {isa = PBXBuildFile; fileRef = 844B74D522EA083E00D755C3 /* ViewController.swift */; };
		844B74D822EA083F00D755C3 /* Assets.xcassets in Resources */ = {isa = PBXBuildFile; fileRef = 844B74D722EA083F00D755C3 /* Assets.xcassets */; };
		844B74DB22EA083F00D755C3 /* Main.storyboard in Resources */ = {isa = PBXBuildFile; fileRef = 844B74D922EA083F00D755C3 /* Main.storyboard */; };
/* End PBXBuildFile section */

/* Begin PBXFileReference section */
		8402548822EA58EF00F71B0C /* json_box.swift */ = {isa = PBXFileReference; lastKnownFileType = sourcecode.swift; path = json_box.swift; sourceTree = "<group>"; };
		844B74D022EA083E00D755C3 /* json_into_vxieng.app */ = {isa = PBXFileReference; explicitFileType = wrapper.application; includeInIndex = 0; path = json_into_vxieng.app; sourceTree = BUILT_PRODUCTS_DIR; };
		844B74D322EA083E00D755C3 /* AppDelegate.swift */ = {isa = PBXFileReference; lastKnownFileType = sourcecode.swift; path = AppDelegate.swift; sourceTree = "<group>"; };
		844B74D522EA083E00D755C3 /* ViewController.swift */ = {isa = PBXFileReference; lastKnownFileType = sourcecode.swift; path = ViewController.swift; sourceTree = "<group>"; };
		844B74D722EA083F00D755C3 /* Assets.xcassets */ = {isa = PBXFileReference; lastKnownFileType = folder.assetcatalog; path = Assets.xcassets; sourceTree = "<group>"; };
		844B74DA22EA083F00D755C3 /* Base */ = {isa = PBXFileReference; lastKnownFileType = file.storyboard; name = Base; path = Base.lproj/Main.storyboard; sourceTree = "<group>"; };
		844B74DC22EA083F00D755C3 /* Info.plist */ = {isa = PBXFileReference; lastKnownFileType = text.plist.xml; path = Info.plist; sourceTree = "<group>"; };
		844B74DD22EA083F00D755C3 /* json_into_vxieng.entitlements */ = {isa = PBXFileReference; lastKnownFileType = text.plist.entitlements; path = json_into_vxieng.entitlements; sourceTree = "<group>"; };
		89ECF24F8C9DF799B016E9E2 /* Pods-json_into_vxieng.release.xcconfig */ = {isa = PBXFileReference; includeInIndex = 1; lastKnownFileType = text.xcconfig; name = "Pods-json_into_vxieng.release.xcconfig"; path = "Target Support Files/Pods-json_into_vxieng/Pods-json_into_vxieng.release.xcconfig"; sourceTree = "<group>"; };
		F39BD0F0AE63E2CFFDB1C6D4 /* Pods-json_into_vxieng.debug.xcconfig */ = {isa = PBXFileReference; includeInIndex = 1; lastKnownFileType = text.xcconfig; name = "Pods-json_into_vxieng.debug.xcconfig"; path = "Target Support Files/Pods-json_into_vxieng/Pods-json_into_vxieng.debug.xcconfig"; sourceTree = "<group>"; };
		FF56660F147E60CF85A1662C /* Pods_json_into_vxieng.framework */ = {isa = PBXFileReference; explicitFileType = wrapper.framework; includeInIndex = 0; path = Pods_json_into_vxieng.framework; sourceTree = BUILT_PRODUCTS_DIR; };
/* End PBXFileReference section */

/* Begin PBXFrameworksBuildPhase section */
		844B74CD22EA083E00D755C3 /* Frameworks */ = {
			isa = PBXFrameworksBuildPhase;
			buildActionMask = 2147483647;
			files = (
				7848E5B3F91C7A4AC6DE63F7 /* Pods_json_into_vxieng.framework in Frameworks */,
			);
			runOnlyForDeploymentPostprocessing = 0;
		};
/* End PBXFrameworksBuildPhase section */

/* Begin PBXGroup section */
		03A4BF8E9DA302440A6D0699 /* Frameworks */ = {
			isa = PBXGroup;
			children = (
				FF56660F147E60CF85A1662C /* Pods_json_into_vxieng.framework */,
			);
			name = Frameworks;
			sourceTree = "<group>";
		};
		844B74C722EA083E00D755C3 = {
			isa = PBXGroup;
			children = (
				844B74D222EA083E00D755C3 /* json_into_vxieng */,
				844B74D122EA083E00D755C3 /* Products */,
				9440F8E2C7411215DF66CFBB /* Pods */,
				03A4BF8E9DA302440A6D0699 /* Frameworks */,
			);
			sourceTree = "<group>";
		};
		844B74D122EA083E00D755C3 /* Products */ = {
			isa = PBXGroup;
			children = (
				844B74D022EA083E00D755C3 /* json_into_vxieng.app */,
			);
			name = Products;
			sourceTree = "<group>";
		};
		844B74D222EA083E00D755C3 /* json_into_vxieng */ = {
			isa = PBXGroup;
			children = (
				844B74D322EA083E00D755C3 /* AppDelegate.swift */,
				844B74D522EA083E00D755C3 /* ViewController.swift */,
				8402548822EA58EF00F71B0C /* json_box.swift */,
				844B74D722EA083F00D755C3 /* Assets.xcassets */,
				844B74D922EA083F00D755C3 /* Main.storyboard */,
				844B74DC22EA083F00D755C3 /* Info.plist */,
				844B74DD22EA083F00D755C3 /* json_into_vxieng.entitlements */,
			);
			path = json_into_vxieng;
			sourceTree = "<group>";
		};
		9440F8E2C7411215DF66CFBB /* Pods */ = {
			isa = PBXGroup;
			children = (
				F39BD0F0AE63E2CFFDB1C6D4 /* Pods-json_into_vxieng.debug.xcconfig */,
				89ECF24F8C9DF799B016E9E2 /* Pods-json_into_vxieng.release.xcconfig */,
			);
			path = Pods;
			sourceTree = "<group>";
		};
/* End PBXGroup section */

/* Begin PBXNativeTarget section */
		844B74CF22EA083E00D755C3 /* json_into_vxieng */ = {
			isa = PBXNativeTarget;
			buildConfigurationList = 844B74E022EA083F00D755C3 /* Build configuration list for PBXNativeTarget "json_into_vxieng" */;
			buildPhases = (
				72ADE6C9842C5DE8F1459CC4 /* [CP] Check Pods Manifest.lock */,
				844B74CC22EA083E00D755C3 /* Sources */,
				844B74CD22EA083E00D755C3 /* Frameworks */,
				844B74CE22EA083E00D755C3 /* Resources */,
				90B9254BBEA291BCF6DA6737 /* [CP] Embed Pods Frameworks */,
			);
			buildRules = (
			);
			dependencies = (
			);
			name = json_into_vxieng;
			productName = json_into_vxieng;
			productReference = 844B74D022EA083E00D755C3 /* json_into_vxieng.app */;
			productType = "com.apple.product-type.application";
		};
/* End PBXNativeTarget section */

/* Begin PBXProject section */
		844B74C822EA083E00D755C3 /* Project object */ = {
			isa = PBXProject;
			attributes = {
				LastSwiftUpdateCheck = 1030;
				LastUpgradeCheck = 1030;
				ORGANIZATIONNAME = "Chan Jung";
				TargetAttributes = {
					844B74CF22EA083E00D755C3 = {
						CreatedOnToolsVersion = 10.3;
					};
				};
			};
			buildConfigurationList = 844B74CB22EA083E00D755C3 /* Build configuration list for PBXProject "json_into_vxieng" */;
			compatibilityVersion = "Xcode 9.3";
			developmentRegion = en;
			hasScannedForEncodings = 0;
			knownRegions = (
				en,
				Base,
			);
			mainGroup = 844B74C722EA083E00D755C3;
			productRefGroup = 844B74D122EA083E00D755C3 /* Products */;
			projectDirPath = "";
			projectRoot = "";
			targets = (
				844B74CF22EA083E00D755C3 /* json_into_vxieng */,
			);
		};
/* End PBXProject section */

/* Begin PBXResourcesBuildPhase section */
		844B74CE22EA083E00D755C3 /* Resources */ = {
			isa = PBXResourcesBuildPhase;
			buildActionMask = 2147483647;
			files = (
				844B74D822EA083F00D755C3 /* Assets.xcassets in Resources */,
				844B74DB22EA083F00D755C3 /* Main.storyboard in Resources */,
			);
			runOnlyForDeploymentPostprocessing = 0;
		};
/* End PBXResourcesBuildPhase section */

/* Begin PBXShellScriptBuildPhase section */
		72ADE6C9842C5DE8F1459CC4 /* [CP] Check Pods Manifest.lock */ = {
			isa = PBXShellScriptBuildPhase;
			buildActionMask = 2147483647;
			files = (
			);
			inputFileListPaths = (
			);
			inputPaths = (
				"${PODS_PODFILE_DIR_PATH}/Podfile.lock",
				"${PODS_ROOT}/Manifest.lock",
			);
			name = "[CP] Check Pods Manifest.lock";
			outputFileListPaths = (
			);
			outputPaths = (
				"$(DERIVED_FILE_DIR)/Pods-json_into_vxieng-checkManifestLockResult.txt",
			);
			runOnlyForDeploymentPostprocessing = 0;
			shellPath = /bin/sh;
			shellScript = "diff \"${PODS_PODFILE_DIR_PATH}/Podfile.lock\" \"${PODS_ROOT}/Manifest.lock\" > /dev/null\nif [ $? != 0 ] ; then\n    # print error to STDERR\n    echo \"error: The sandbox is not in sync with the Podfile.lock. Run 'pod install' or update your CocoaPods installation.\" >&2\n    exit 1\nfi\n# This output is used by Xcode 'outputs' to avoid re-running this script phase.\necho \"SUCCESS\" > \"${SCRIPT_OUTPUT_FILE_0}\"\n";
			showEnvVarsInLog = 0;
		};
		90B9254BBEA291BCF6DA6737 /* [CP] Embed Pods Frameworks */ = {
			isa = PBXShellScriptBuildPhase;
			buildActionMask = 2147483647;
			files = (
			);
			inputFileListPaths = (
				"${PODS_ROOT}/Target Support Files/Pods-json_into_vxieng/Pods-json_into_vxieng-frameworks-${CONFIGURATION}-input-files.xcfilelist",
			);
			name = "[CP] Embed Pods Frameworks";
			outputFileListPaths = (
				"${PODS_ROOT}/Target Support Files/Pods-json_into_vxieng/Pods-json_into_vxieng-frameworks-${CONFIGURATION}-output-files.xcfilelist",
			);
			runOnlyForDeploymentPostprocessing = 0;
			shellPath = /bin/sh;
			shellScript = "\"${PODS_ROOT}/Target Support Files/Pods-json_into_vxieng/Pods-json_into_vxieng-frameworks.sh\"\n";
			showEnvVarsInLog = 0;
		};
/* End PBXShellScriptBuildPhase section */

/* Begin PBXSourcesBuildPhase section */
		844B74CC22EA083E00D755C3 /* Sources */ = {
			isa = PBXSourcesBuildPhase;
			buildActionMask = 2147483647;
			files = (
				844B74D622EA083E00D755C3 /* ViewController.swift in Sources */,
				844B74D422EA083E00D755C3 /* AppDelegate.swift in Sources */,
				8402548922EA58EF00F71B0C /* json_box.swift in Sources */,
			);
			runOnlyForDeploymentPostprocessing = 0;
		};
/* End PBXSourcesBuildPhase section */

/* Begin PBXVariantGroup section */
		844B74D922EA083F00D755C3 /* Main.storyboard */ = {
			isa = PBXVariantGroup;
			children = (
				844B74DA22EA083F00D755C3 /* Base */,
			);
			name = Main.storyboard;
			sourceTree = "<group>";
		};
/* End PBXVariantGroup section */

/* Begin XCBuildConfiguration section */
		844B74DE22EA083F00D755C3 /* Debug */ = {
			isa = XCBuildConfiguration;
			buildSettings = {
				ALWAYS_SEARCH_USER_PATHS = NO;
				CLANG_ANALYZER_NONNULL = YES;
				CLANG_ANALYZER_NUMBER_OBJECT_CONVERSION = YES_AGGRESSIVE;
				CLANG_CXX_LANGUAGE_STANDARD = "gnu++14";
				CLANG_CXX_LIBRARY = "libc++";
				CLANG_ENABLE_MODULES = YES;
				CLANG_ENABLE_OBJC_ARC = YES;
				CLANG_ENABLE_OBJC_WEAK = YES;
				CLANG_WARN_BLOCK_CAPTURE_AUTORELEASING = YES;
				CLANG_WARN_BOOL_CONVERSION = YES;
				CLANG_WARN_COMMA = YES;
				CLANG_WARN_CONSTANT_CONVERSION = YES;
				CLANG_WARN_DEPRECATED_OBJC_IMPLEMENTATIONS = YES;
				CLANG_WARN_DIRECT_OBJC_ISA_USAGE = YES_ERROR;
				CLANG_WARN_DOCUMENTATION_COMMENTS = YES;
				CLANG_WARN_EMPTY_BODY = YES;
				CLANG_WARN_ENUM_CONVERSION = YES;
				CLANG_WARN_INFINITE_RECURSION = YES;
				CLANG_WARN_INT_CONVERSION = YES;
				CLANG_WARN_NON_LITERAL_NULL_CONVERSION = YES;
				CLANG_WARN_OBJC_IMPLICIT_RETAIN_SELF = YES;
				CLANG_WARN_OBJC_LITERAL_CONVERSION = YES;
				CLANG_WARN_OBJC_ROOT_CLASS = YES_ERROR;
				CLANG_WARN_RANGE_LOOP_ANALYSIS = YES;
				CLANG_WARN_STRICT_PROTOTYPES = YES;
				CLANG_WARN_SUSPICIOUS_MOVE = YES;
				CLANG_WARN_UNGUARDED_AVAILABILITY = YES_AGGRESSIVE;
				CLANG_WARN_UNREACHABLE_CODE = YES;
				CLANG_WARN__DUPLICATE_METHOD_MATCH = YES;
				CODE_SIGN_IDENTITY = "-";
				COPY_PHASE_STRIP = NO;
				DEBUG_INFORMATION_FORMAT = dwarf;
				ENABLE_STRICT_OBJC_MSGSEND = YES;
				ENABLE_TESTABILITY = YES;
				GCC_C_LANGUAGE_STANDARD = gnu11;
				GCC_DYNAMIC_NO_PIC = NO;
				GCC_NO_COMMON_BLOCKS = YES;
				GCC_OPTIMIZATION_LEVEL = 0;
				GCC_PREPROCESSOR_DEFINITIONS = (
					"DEBUG=1",
					"$(inherited)",
				);
				GCC_WARN_64_TO_32_BIT_CONVERSION = YES;
				GCC_WARN_ABOUT_RETURN_TYPE = YES_ERROR;
				GCC_WARN_UNDECLARED_SELECTOR = YES;
				GCC_WARN_UNINITIALIZED_AUTOS = YES_AGGRESSIVE;
				GCC_WARN_UNUSED_FUNCTION = YES;
				GCC_WARN_UNUSED_VARIABLE = YES;
				MACOSX_DEPLOYMENT_TARGET = 10.14;
				MTL_ENABLE_DEBUG_INFO = INCLUDE_SOURCE;
				MTL_FAST_MATH = YES;
				ONLY_ACTIVE_ARCH = YES;
				SDKROOT = macosx;
				SWIFT_ACTIVE_COMPILATION_CONDITIONS = DEBUG;
				SWIFT_OPTIMIZATION_LEVEL = "-Onone";
			};
			name = Debug;
		};
		844B74DF22EA083F00D755C3 /* Release */ = {
			isa = XCBuildConfiguration;
			buildSettings = {
				ALWAYS_SEARCH_USER_PATHS = NO;
				CLANG_ANALYZER_NONNULL = YES;
				CLANG_ANALYZER_NUMBER_OBJECT_CONVERSION = YES_AGGRESSIVE;
				CLANG_CXX_LANGUAGE_STANDARD = "gnu++14";
				CLANG_CXX_LIBRARY = "libc++";
				CLANG_ENABLE_MODULES = YES;
				CLANG_ENABLE_OBJC_ARC = YES;
				CLANG_ENABLE_OBJC_WEAK = YES;
				CLANG_WARN_BLOCK_CAPTURE_AUTORELEASING = YES;
				CLANG_WARN_BOOL_CONVERSION = YES;
				CLANG_WARN_COMMA = YES;
				CLANG_WARN_CONSTANT_CONVERSION = YES;
				CLANG_WARN_DEPRECATED_OBJC_IMPLEMENTATIONS = YES;
				CLANG_WARN_DIRECT_OBJC_ISA_USAGE = YES_ERROR;
				CLANG_WARN_DOCUMENTATION_COMMENTS = YES;
				CLANG_WARN_EMPTY_BODY = YES;
				CLANG_WARN_ENUM_CONVERSION = YES;
				CLANG_WARN_INFINITE_RECURSION = YES;
				CLANG_WARN_INT_CONVERSION = YES;
				CLANG_WARN_NON_LITERAL_NULL_CONVERSION = YES;
				CLANG_WARN_OBJC_IMPLICIT_RETAIN_SELF = YES;
				CLANG_WARN_OBJC_LITERAL_CONVERSION = YES;
				CLANG_WARN_OBJC_ROOT_CLASS = YES_ERROR;
				CLANG_WARN_RANGE_LOOP_ANALYSIS = YES;
				CLANG_WARN_STRICT_PROTOTYPES = YES;
				CLANG_WARN_SUSPICIOUS_MOVE = YES;
				CLANG_WARN_UNGUARDED_AVAILABILITY = YES_AGGRESSIVE;
				CLANG_WARN_UNREACHABLE_CODE = YES;
				CLANG_WARN__DUPLICATE_METHOD_MATCH = YES;
				CODE_SIGN_IDENTITY = "-";
				COPY_PHASE_STRIP = NO;
				DEBUG_INFORMATION_FORMAT = "dwarf-with-dsym";
				ENABLE_NS_ASSERTIONS = NO;
				ENABLE_STRICT_OBJC_MSGSEND = YES;
				GCC_C_LANGUAGE_STANDARD = gnu11;
				GCC_NO_COMMON_BLOCKS = YES;
				GCC_WARN_64_TO_32_BIT_CONVERSION = YES;
				GCC_WARN_ABOUT_RETURN_TYPE = YES_ERROR;
				GCC_WARN_UNDECLARED_SELECTOR = YES;
				GCC_WARN_UNINITIALIZED_AUTOS = YES_AGGRESSIVE;
				GCC_WARN_UNUSED_FUNCTION = YES;
				GCC_WARN_UNUSED_VARIABLE = YES;
				MACOSX_DEPLOYMENT_TARGET = 10.14;
				MTL_ENABLE_DEBUG_INFO = NO;
				MTL_FAST_MATH = YES;
				SDKROOT = macosx;
				SWIFT_COMPILATION_MODE = wholemodule;
				SWIFT_OPTIMIZATION_LEVEL = "-O";
			};
			name = Release;
		};
		844B74E122EA083F00D755C3 /* Debug */ = {
			isa = XCBuildConfiguration;
			baseConfigurationReference = F39BD0F0AE63E2CFFDB1C6D4 /* Pods-json_into_vxieng.debug.xcconfig */;
			buildSettings = {
				ASSETCATALOG_COMPILER_APPICON_NAME = AppIcon;
				CODE_SIGN_ENTITLEMENTS = json_into_vxieng/json_into_vxieng.entitlements;
				CODE_SIGN_STYLE = Automatic;
				COMBINE_HIDPI_IMAGES = YES;
				INFOPLIST_FILE = json_into_vxieng/Info.plist;
				LD_RUNPATH_SEARCH_PATHS = (
					"$(inherited)",
					"@executable_path/../Frameworks",
				);
				PRODUCT_BUNDLE_IDENTIFIER = "com.chanjung.json-into-vxieng";
				PRODUCT_NAME = "$(TARGET_NAME)";
				SWIFT_VERSION = 5.0;
			};
			name = Debug;
		};
		844B74E222EA083F00D755C3 /* Release */ = {
			isa = XCBuildConfiguration;
			baseConfigurationReference = 89ECF24F8C9DF799B016E9E2 /* Pods-json_into_vxieng.release.xcconfig */;
			buildSettings = {
				ASSETCATALOG_COMPILER_APPICON_NAME = AppIcon;
				CODE_SIGN_ENTITLEMENTS = json_into_vxieng/json_into_vxieng.entitlements;
				CODE_SIGN_STYLE = Automatic;
				COMBINE_HIDPI_IMAGES = YES;
				INFOPLIST_FILE = json_into_vxieng/Info.plist;
				LD_RUNPATH_SEARCH_PATHS = (
					"$(inherited)",
					"@executable_path/../Frameworks",
				);
				PRODUCT_BUNDLE_IDENTIFIER = "com.chanjung.json-into-vxieng";
				PRODUCT_NAME = "$(TARGET_NAME)";
				SWIFT_VERSION = 5.0;
			};
			name = Release;
		};
/* End XCBuildConfiguration section */

/* Begin XCConfigurationList section */
		844B74CB22EA083E00D755C3 /* Build configuration list for PBXProject "json_into_vxieng" */ = {
			isa = XCConfigurationList;
			buildConfigurations = (
				844B74DE22EA083F00D755C3 /* Debug */,
				844B74DF22EA083F00D755C3 /* Release */,
			);
			defaultConfigurationIsVisible = 0;
			defaultConfigurationName = Release;
		};
		844B74E022EA083F00D755C3 /* Build configuration list for PBXNativeTarget "json_into_vxieng" */ = {
			isa = XCConfigurationList;
			buildConfigurations = (
				844B74E122EA083F00D755C3 /* Debug */,
				844B74E222EA083F00D755C3 /* Release */,
			);
			defaultConfigurationIsVisible = 0;
			defaultConfigurationName = Release;
		};
/* End XCConfigurationList section */
	};
	rootObject = 844B74C822EA083E00D755C3 /* Project object */;
}
