// !$*UTF8*$!
{
	archiveVersion = 1;
	classes = {
	};
	objectVersion = 50;
	objects = {

/* Begin PBXBuildFile section */
		84053F3B22D8F0D400155319 /* AppDelegate.swift in Sources */ = {isa = PBXBuildFile; fileRef = 84053F3A22D8F0D400155319 /* AppDelegate.swift */; };
		84053F3D22D8F0D400155319 /* ViewController.swift in Sources */ = {isa = PBXBuildFile; fileRef = 84053F3C22D8F0D400155319 /* ViewController.swift */; };
		84053F4022D8F0D400155319 /* Main.storyboard in Resources */ = {isa = PBXBuildFile; fileRef = 84053F3E22D8F0D400155319 /* Main.storyboard */; };
		84053F4222D8F0D900155319 /* Assets.xcassets in Resources */ = {isa = PBXBuildFile; fileRef = 84053F4122D8F0D900155319 /* Assets.xcassets */; };
		84053F4522D8F0D900155319 /* LaunchScreen.storyboard in Resources */ = {isa = PBXBuildFile; fileRef = 84053F4322D8F0D900155319 /* LaunchScreen.storyboard */; };
		84053F4D22D8F5DC00155319 /* SecondViewController.swift in Sources */ = {isa = PBXBuildFile; fileRef = 84053F4C22D8F5DC00155319 /* SecondViewController.swift */; };
/* End PBXBuildFile section */

/* Begin PBXFileReference section */
		84053F3722D8F0D400155319 /* VCDataexchangePrac.app */ = {isa = PBXFileReference; explicitFileType = wrapper.application; includeInIndex = 0; path = VCDataexchangePrac.app; sourceTree = BUILT_PRODUCTS_DIR; };
		84053F3A22D8F0D400155319 /* AppDelegate.swift */ = {isa = PBXFileReference; lastKnownFileType = sourcecode.swift; path = AppDelegate.swift; sourceTree = "<group>"; };
		84053F3C22D8F0D400155319 /* ViewController.swift */ = {isa = PBXFileReference; lastKnownFileType = sourcecode.swift; path = ViewController.swift; sourceTree = "<group>"; };
		84053F3F22D8F0D400155319 /* Base */ = {isa = PBXFileReference; lastKnownFileType = file.storyboard; name = Base; path = Base.lproj/Main.storyboard; sourceTree = "<group>"; };
		84053F4122D8F0D900155319 /* Assets.xcassets */ = {isa = PBXFileReference; lastKnownFileType = folder.assetcatalog; path = Assets.xcassets; sourceTree = "<group>"; };
		84053F4422D8F0D900155319 /* Base */ = {isa = PBXFileReference; lastKnownFileType = file.storyboard; name = Base; path = Base.lproj/LaunchScreen.storyboard; sourceTree = "<group>"; };
		84053F4622D8F0D900155319 /* Info.plist */ = {isa = PBXFileReference; lastKnownFileType = text.plist.xml; path = Info.plist; sourceTree = "<group>"; };
		84053F4C22D8F5DC00155319 /* SecondViewController.swift */ = {isa = PBXFileReference; lastKnownFileType = sourcecode.swift; path = SecondViewController.swift; sourceTree = "<group>"; };
/* End PBXFileReference section */

/* Begin PBXFrameworksBuildPhase section */
		84053F3422D8F0D400155319 /* Frameworks */ = {
			isa = PBXFrameworksBuildPhase;
			buildActionMask = 2147483647;
			files = (
			);
			runOnlyForDeploymentPostprocessing = 0;
		};
/* End PBXFrameworksBuildPhase section */

/* Begin PBXGroup section */
		84053F2E22D8F0D400155319 = {
			isa = PBXGroup;
			children = (
				84053F3922D8F0D400155319 /* VCDataexchangePrac */,
				84053F3822D8F0D400155319 /* Products */,
			);
			sourceTree = "<group>";
		};
		84053F3822D8F0D400155319 /* Products */ = {
			isa = PBXGroup;
			children = (
				84053F3722D8F0D400155319 /* VCDataexchangePrac.app */,
			);
			name = Products;
			sourceTree = "<group>";
		};
		84053F3922D8F0D400155319 /* VCDataexchangePrac */ = {
			isa = PBXGroup;
			children = (
				84053F3A22D8F0D400155319 /* AppDelegate.swift */,
				84053F3C22D8F0D400155319 /* ViewController.swift */,
				84053F4C22D8F5DC00155319 /* SecondViewController.swift */,
				84053F3E22D8F0D400155319 /* Main.storyboard */,
				84053F4122D8F0D900155319 /* Assets.xcassets */,
				84053F4322D8F0D900155319 /* LaunchScreen.storyboard */,
				84053F4622D8F0D900155319 /* Info.plist */,
			);
			path = VCDataexchangePrac;
			sourceTree = "<group>";
		};
/* End PBXGroup section */

/* Begin PBXNativeTarget section */
		84053F3622D8F0D400155319 /* VCDataexchangePrac */ = {
			isa = PBXNativeTarget;
			buildConfigurationList = 84053F4922D8F0D900155319 /* Build configuration list for PBXNativeTarget "VCDataexchangePrac" */;
			buildPhases = (
				84053F3322D8F0D400155319 /* Sources */,
				84053F3422D8F0D400155319 /* Frameworks */,
				84053F3522D8F0D400155319 /* Resources */,
			);
			buildRules = (
			);
			dependencies = (
			);
			name = VCDataexchangePrac;
			productName = VCDataexchangePrac;
			productReference = 84053F3722D8F0D400155319 /* VCDataexchangePrac.app */;
			productType = "com.apple.product-type.application";
		};
/* End PBXNativeTarget section */

/* Begin PBXProject section */
		84053F2F22D8F0D400155319 /* Project object */ = {
			isa = PBXProject;
			attributes = {
				LastSwiftUpdateCheck = 1020;
				LastUpgradeCheck = 1020;
				ORGANIZATIONNAME = "Chan Jung";
				TargetAttributes = {
					84053F3622D8F0D400155319 = {
						CreatedOnToolsVersion = 10.2.1;
					};
				};
			};
			buildConfigurationList = 84053F3222D8F0D400155319 /* Build configuration list for PBXProject "VCDataexchangePrac" */;
			compatibilityVersion = "Xcode 9.3";
			developmentRegion = en;
			hasScannedForEncodings = 0;
			knownRegions = (
				en,
				Base,
			);
			mainGroup = 84053F2E22D8F0D400155319;
			productRefGroup = 84053F3822D8F0D400155319 /* Products */;
			projectDirPath = "";
			projectRoot = "";
			targets = (
				84053F3622D8F0D400155319 /* VCDataexchangePrac */,
			);
		};
/* End PBXProject section */

/* Begin PBXResourcesBuildPhase section */
		84053F3522D8F0D400155319 /* Resources */ = {
			isa = PBXResourcesBuildPhase;
			buildActionMask = 2147483647;
			files = (
				84053F4522D8F0D900155319 /* LaunchScreen.storyboard in Resources */,
				84053F4222D8F0D900155319 /* Assets.xcassets in Resources */,
				84053F4022D8F0D400155319 /* Main.storyboard in Resources */,
			);
			runOnlyForDeploymentPostprocessing = 0;
		};
/* End PBXResourcesBuildPhase section */

/* Begin PBXSourcesBuildPhase section */
		84053F3322D8F0D400155319 /* Sources */ = {
			isa = PBXSourcesBuildPhase;
			buildActionMask = 2147483647;
			files = (
				84053F4D22D8F5DC00155319 /* SecondViewController.swift in Sources */,
				84053F3D22D8F0D400155319 /* ViewController.swift in Sources */,
				84053F3B22D8F0D400155319 /* AppDelegate.swift in Sources */,
			);
			runOnlyForDeploymentPostprocessing = 0;
		};
/* End PBXSourcesBuildPhase section */

/* Begin PBXVariantGroup section */
		84053F3E22D8F0D400155319 /* Main.storyboard */ = {
			isa = PBXVariantGroup;
			children = (
				84053F3F22D8F0D400155319 /* Base */,
			);
			name = Main.storyboard;
			sourceTree = "<group>";
		};
		84053F4322D8F0D900155319 /* LaunchScreen.storyboard */ = {
			isa = PBXVariantGroup;
			children = (
				84053F4422D8F0D900155319 /* Base */,
			);
			name = LaunchScreen.storyboard;
			sourceTree = "<group>";
		};
/* End PBXVariantGroup section */

/* Begin XCBuildConfiguration section */
		84053F4722D8F0D900155319 /* Debug */ = {
			isa = XCBuildConfiguration;
			buildSettings = {
				ALWAYS_SEARCH_USER_PATHS = NO;
				CLANG_ANALYZER_NONNULL = YES;
				CLANG_ANALYZER_NUMBER_OBJECT_CONVERSION = YES_AGGRESSIVE;
				CLANG_CXX_LANGUAGE_STANDARD = "gnu++14";
				CLANG_CXX_LIBRARY = "libc++";
				CLANG_ENABLE_MODULES = YES;
				CLANG_ENABLE_OBJC_ARC = YES;
				CLANG_ENABLE_OBJC_WEAK = YES;
				CLANG_WARN_BLOCK_CAPTURE_AUTORELEASING = YES;
				CLANG_WARN_BOOL_CONVERSION = YES;
				CLANG_WARN_COMMA = YES;
				CLANG_WARN_CONSTANT_CONVERSION = YES;
				CLANG_WARN_DEPRECATED_OBJC_IMPLEMENTATIONS = YES;
				CLANG_WARN_DIRECT_OBJC_ISA_USAGE = YES_ERROR;
				CLANG_WARN_DOCUMENTATION_COMMENTS = YES;
				CLANG_WARN_EMPTY_BODY = YES;
				CLANG_WARN_ENUM_CONVERSION = YES;
				CLANG_WARN_INFINITE_RECURSION = YES;
				CLANG_WARN_INT_CONVERSION = YES;
				CLANG_WARN_NON_LITERAL_NULL_CONVERSION = YES;
				CLANG_WARN_OBJC_IMPLICIT_RETAIN_SELF = YES;
				CLANG_WARN_OBJC_LITERAL_CONVERSION = YES;
				CLANG_WARN_OBJC_ROOT_CLASS = YES_ERROR;
				CLANG_WARN_RANGE_LOOP_ANALYSIS = YES;
				CLANG_WARN_STRICT_PROTOTYPES = YES;
				CLANG_WARN_SUSPICIOUS_MOVE = YES;
				CLANG_WARN_UNGUARDED_AVAILABILITY = YES_AGGRESSIVE;
				CLANG_WARN_UNREACHABLE_CODE = YES;
				CLANG_WARN__DUPLICATE_METHOD_MATCH = YES;
				CODE_SIGN_IDENTITY = "iPhone Developer";
				COPY_PHASE_STRIP = NO;
				DEBUG_INFORMATION_FORMAT = dwarf;
				ENABLE_STRICT_OBJC_MSGSEND = YES;
				ENABLE_TESTABILITY = YES;
				GCC_C_LANGUAGE_STANDARD = gnu11;
				GCC_DYNAMIC_NO_PIC = NO;
				GCC_NO_COMMON_BLOCKS = YES;
				GCC_OPTIMIZATION_LEVEL = 0;
				GCC_PREPROCESSOR_DEFINITIONS = (
					"DEBUG=1",
					"$(inherited)",
				);
				GCC_WARN_64_TO_32_BIT_CONVERSION = YES;
				GCC_WARN_ABOUT_RETURN_TYPE = YES_ERROR;
				GCC_WARN_UNDECLARED_SELECTOR = YES;
				GCC_WARN_UNINITIALIZED_AUTOS = YES_AGGRESSIVE;
				GCC_WARN_UNUSED_FUNCTION = YES;
				GCC_WARN_UNUSED_VARIABLE = YES;
				IPHONEOS_DEPLOYMENT_TARGET = 12.2;
				MTL_ENABLE_DEBUG_INFO = INCLUDE_SOURCE;
				MTL_FAST_MATH = YES;
				ONLY_ACTIVE_ARCH = YES;
				SDKROOT = iphoneos;
				SWIFT_ACTIVE_COMPILATION_CONDITIONS = DEBUG;
				SWIFT_OPTIMIZATION_LEVEL = "-Onone";
			};
			name = Debug;
		};
		84053F4822D8F0D900155319 /* Release */ = {
			isa = XCBuildConfiguration;
			buildSettings = {
				ALWAYS_SEARCH_USER_PATHS = NO;
				CLANG_ANALYZER_NONNULL = YES;
				CLANG_ANALYZER_NUMBER_OBJECT_CONVERSION = YES_AGGRESSIVE;
				CLANG_CXX_LANGUAGE_STANDARD = "gnu++14";
				CLANG_CXX_LIBRARY = "libc++";
				CLANG_ENABLE_MODULES = YES;
				CLANG_ENABLE_OBJC_ARC = YES;
				CLANG_ENABLE_OBJC_WEAK = YES;
				CLANG_WARN_BLOCK_CAPTURE_AUTORELEASING = YES;
				CLANG_WARN_BOOL_CONVERSION = YES;
				CLANG_WARN_COMMA = YES;
				CLANG_WARN_CONSTANT_CONVERSION = YES;
				CLANG_WARN_DEPRECATED_OBJC_IMPLEMENTATIONS = YES;
				CLANG_WARN_DIRECT_OBJC_ISA_USAGE = YES_ERROR;
				CLANG_WARN_DOCUMENTATION_COMMENTS = YES;
				CLANG_WARN_EMPTY_BODY = YES;
				CLANG_WARN_ENUM_CONVERSION = YES;
				CLANG_WARN_INFINITE_RECURSION = YES;
				CLANG_WARN_INT_CONVERSION = YES;
				CLANG_WARN_NON_LITERAL_NULL_CONVERSION = YES;
				CLANG_WARN_OBJC_IMPLICIT_RETAIN_SELF = YES;
				CLANG_WARN_OBJC_LITERAL_CONVERSION = YES;
				CLANG_WARN_OBJC_ROOT_CLASS = YES_ERROR;
				CLANG_WARN_RANGE_LOOP_ANALYSIS = YES;
				CLANG_WARN_STRICT_PROTOTYPES = YES;
				CLANG_WARN_SUSPICIOUS_MOVE = YES;
				CLANG_WARN_UNGUARDED_AVAILABILITY = YES_AGGRESSIVE;
				CLANG_WARN_UNREACHABLE_CODE = YES;
				CLANG_WARN__DUPLICATE_METHOD_MATCH = YES;
				CODE_SIGN_IDENTITY = "iPhone Developer";
				COPY_PHASE_STRIP = NO;
				DEBUG_INFORMATION_FORMAT = "dwarf-with-dsym";
				ENABLE_NS_ASSERTIONS = NO;
				ENABLE_STRICT_OBJC_MSGSEND = YES;
				GCC_C_LANGUAGE_STANDARD = gnu11;
				GCC_NO_COMMON_BLOCKS = YES;
				GCC_WARN_64_TO_32_BIT_CONVERSION = YES;
				GCC_WARN_ABOUT_RETURN_TYPE = YES_ERROR;
				GCC_WARN_UNDECLARED_SELECTOR = YES;
				GCC_WARN_UNINITIALIZED_AUTOS = YES_AGGRESSIVE;
				GCC_WARN_UNUSED_FUNCTION = YES;
				GCC_WARN_UNUSED_VARIABLE = YES;
				IPHONEOS_DEPLOYMENT_TARGET = 12.2;
				MTL_ENABLE_DEBUG_INFO = NO;
				MTL_FAST_MATH = YES;
				SDKROOT = iphoneos;
				SWIFT_COMPILATION_MODE = wholemodule;
				SWIFT_OPTIMIZATION_LEVEL = "-O";
				VALIDATE_PRODUCT = YES;
			};
			name = Release;
		};
		84053F4A22D8F0D900155319 /* Debug */ = {
			isa = XCBuildConfiguration;
			buildSettings = {
				ASSETCATALOG_COMPILER_APPICON_NAME = AppIcon;
				CODE_SIGN_STYLE = Automatic;
				INFOPLIST_FILE = VCDataexchangePrac/Info.plist;
				LD_RUNPATH_SEARCH_PATHS = (
					"$(inherited)",
					"@executable_path/Frameworks",
				);
				PRODUCT_BUNDLE_IDENTIFIER = com.chanjung.VCDataexchangePrac;
				PRODUCT_NAME = "$(TARGET_NAME)";
				SWIFT_VERSION = 5.0;
				TARGETED_DEVICE_FAMILY = "1,2";
			};
			name = Debug;
		};
		84053F4B22D8F0D900155319 /* Release */ = {
			isa = XCBuildConfiguration;
			buildSettings = {
				ASSETCATALOG_COMPILER_APPICON_NAME = AppIcon;
				CODE_SIGN_STYLE = Automatic;
				INFOPLIST_FILE = VCDataexchangePrac/Info.plist;
				LD_RUNPATH_SEARCH_PATHS = (
					"$(inherited)",
					"@executable_path/Frameworks",
				);
				PRODUCT_BUNDLE_IDENTIFIER = com.chanjung.VCDataexchangePrac;
				PRODUCT_NAME = "$(TARGET_NAME)";
				SWIFT_VERSION = 5.0;
				TARGETED_DEVICE_FAMILY = "1,2";
			};
			name = Release;
		};
/* End XCBuildConfiguration section */

/* Begin XCConfigurationList section */
		84053F3222D8F0D400155319 /* Build configuration list for PBXProject "VCDataexchangePrac" */ = {
			isa = XCConfigurationList;
			buildConfigurations = (
				84053F4722D8F0D900155319 /* Debug */,
				84053F4822D8F0D900155319 /* Release */,
			);
			defaultConfigurationIsVisible = 0;
			defaultConfigurationName = Release;
		};
		84053F4922D8F0D900155319 /* Build configuration list for PBXNativeTarget "VCDataexchangePrac" */ = {
			isa = XCConfigurationList;
			buildConfigurations = (
				84053F4A22D8F0D900155319 /* Debug */,
				84053F4B22D8F0D900155319 /* Release */,
			);
			defaultConfigurationIsVisible = 0;
			defaultConfigurationName = Release;
		};
/* End XCConfigurationList section */
	};
	rootObject = 84053F2F22D8F0D400155319 /* Project object */;
}
